// !$*UTF8*$!
{
	archiveVersion = 1;
	classes = {
	};
	objectVersion = 51;
	objects = {

/* Begin PBXBuildFile section */
		04BC69725EC22AF0083D946F /* Pods_TwitterApp_TwitterAppUITests.framework in Frameworks */ = {isa = PBXBuildFile; fileRef = 00D5509CAB6AC1376E10B269 /* Pods_TwitterApp_TwitterAppUITests.framework */; };
		23C167C791A5480ADB894545 /* Pods_TwitterAppTests.framework in Frameworks */ = {isa = PBXBuildFile; fileRef = 402A1509683D8175D27D5D3B /* Pods_TwitterAppTests.framework */; };
		BE1448B21F71C3D1781506D8 /* Pods_TwitterApp.framework in Frameworks */ = {isa = PBXBuildFile; fileRef = A24D670BC481EC55D9A1D297 /* Pods_TwitterApp.framework */; };
		EF294D1625AA652600850E74 /* TwitProfilePictureImageView.swift in Sources */ = {isa = PBXBuildFile; fileRef = EF294D1525AA652600850E74 /* TwitProfilePictureImageView.swift */; };
		EF294D1E25AA6F6200850E74 /* SearchTweetUserInfoView.swift in Sources */ = {isa = PBXBuildFile; fileRef = EF294D1D25AA6F6200850E74 /* SearchTweetUserInfoView.swift */; };
		EF294D2E25AA713C00850E74 /* Constants.swift in Sources */ = {isa = PBXBuildFile; fileRef = EF294D2D25AA713C00850E74 /* Constants.swift */; };
		EF39E53825A207BD004462DC /* User.swift in Sources */ = {isa = PBXBuildFile; fileRef = EF39E53725A207BD004462DC /* User.swift */; };
		EF3E7A9525BB0D9D0036DAFC /* Double+Ext.swift in Sources */ = {isa = PBXBuildFile; fileRef = EF3E7A9425BB0D9D0036DAFC /* Double+Ext.swift */; };
		EF3E7AA125BC6B7A0036DAFC /* String+Ext.swift in Sources */ = {isa = PBXBuildFile; fileRef = EF3E7AA025BC6B7A0036DAFC /* String+Ext.swift */; };
		EF3E7AA525BC78010036DAFC /* RemoveFromFavButton.swift in Sources */ = {isa = PBXBuildFile; fileRef = EF3E7AA425BC78010036DAFC /* RemoveFromFavButton.swift */; };
		EF3E7AA925BC7F490036DAFC /* GoSafariButton.swift in Sources */ = {isa = PBXBuildFile; fileRef = EF3E7AA825BC7F490036DAFC /* GoSafariButton.swift */; };
		EF3E7AAD25BCB8370036DAFC /* BackgroundPictureImageView.swift in Sources */ = {isa = PBXBuildFile; fileRef = EF3E7AAC25BCB8370036DAFC /* BackgroundPictureImageView.swift */; };
		EF3E7AB425BDAA1F0036DAFC /* FavoriteTweet.swift in Sources */ = {isa = PBXBuildFile; fileRef = EF3E7AB325BDAA1F0036DAFC /* FavoriteTweet.swift */; };
		EF3E7ABF25BDC3280036DAFC /* TwetLoadingDataVC.swift in Sources */ = {isa = PBXBuildFile; fileRef = EF3E7ABE25BDC3280036DAFC /* TwetLoadingDataVC.swift */; };
		EF3E7AC525BDE0470036DAFC /* TweetAlertVC.swift in Sources */ = {isa = PBXBuildFile; fileRef = EF3E7AC425BDE0470036DAFC /* TweetAlertVC.swift */; };
		EF3E7AC925BDE05B0036DAFC /* AlertContainerView.swift in Sources */ = {isa = PBXBuildFile; fileRef = EF3E7AC825BDE05B0036DAFC /* AlertContainerView.swift */; };
		EF3E7ACD25BDE1160036DAFC /* UIView+Ext.swift in Sources */ = {isa = PBXBuildFile; fileRef = EF3E7ACC25BDE1160036DAFC /* UIView+Ext.swift */; };
		EF4D7AB125AB71600096CB6A /* FavoriteTweetsVC.swift in Sources */ = {isa = PBXBuildFile; fileRef = EF4D7AB025AB71600096CB6A /* FavoriteTweetsVC.swift */; };
		EF4D7AB525AB74B90096CB6A /* FavoriteTweetsCell.swift in Sources */ = {isa = PBXBuildFile; fileRef = EF4D7AB425AB74B90096CB6A /* FavoriteTweetsCell.swift */; };
		EF4D7AC925AB8A320096CB6A /* CellMediaInfoView.swift in Sources */ = {isa = PBXBuildFile; fileRef = EF4D7AC825AB8A320096CB6A /* CellMediaInfoView.swift */; };
		EF4D7AD025AB91930096CB6A /* UserSearchVCTextView.swift in Sources */ = {isa = PBXBuildFile; fileRef = EF4D7ACF25AB91930096CB6A /* UserSearchVCTextView.swift */; };
		EF79C701259A78F0004013BF /* UserResultLabel.swift in Sources */ = {isa = PBXBuildFile; fileRef = EF79C700259A78F0004013BF /* UserResultLabel.swift */; };
		EF79C70F259A8710004013BF /* TwitInfoHeaderTitleLabel.swift in Sources */ = {isa = PBXBuildFile; fileRef = EF79C70E259A8710004013BF /* TwitInfoHeaderTitleLabel.swift */; };
		EF79C71F259A8763004013BF /* TwitInfoHeaderBodyLabel.swift in Sources */ = {isa = PBXBuildFile; fileRef = EF79C71E259A8763004013BF /* TwitInfoHeaderBodyLabel.swift */; };
		EF7F9ED825B07F9800F9799A /* Tweet.swift in Sources */ = {isa = PBXBuildFile; fileRef = EF7F9ED725B07F9800F9799A /* Tweet.swift */; };
		EF7F9EE425B0CAF200F9799A /* PersistenceManager.swift in Sources */ = {isa = PBXBuildFile; fileRef = EF7F9EE325B0CAF200F9799A /* PersistenceManager.swift */; };
		EF88FF75259A295300ADF27B /* AppDelegate.swift in Sources */ = {isa = PBXBuildFile; fileRef = EF88FF74259A295300ADF27B /* AppDelegate.swift */; };
		EF88FF77259A295300ADF27B /* SceneDelegate.swift in Sources */ = {isa = PBXBuildFile; fileRef = EF88FF76259A295300ADF27B /* SceneDelegate.swift */; };
		EF88FF79259A295300ADF27B /* FavoritesVC.swift in Sources */ = {isa = PBXBuildFile; fileRef = EF88FF78259A295300ADF27B /* FavoritesVC.swift */; };
		EF88FF7C259A295300ADF27B /* Main.storyboard in Resources */ = {isa = PBXBuildFile; fileRef = EF88FF7A259A295300ADF27B /* Main.storyboard */; };
		EF88FF7E259A295500ADF27B /* Assets.xcassets in Resources */ = {isa = PBXBuildFile; fileRef = EF88FF7D259A295500ADF27B /* Assets.xcassets */; };
		EF88FF81259A295500ADF27B /* LaunchScreen.storyboard in Resources */ = {isa = PBXBuildFile; fileRef = EF88FF7F259A295500ADF27B /* LaunchScreen.storyboard */; };
		EF88FF8C259A295500ADF27B /* TwitterAppTests.swift in Sources */ = {isa = PBXBuildFile; fileRef = EF88FF8B259A295500ADF27B /* TwitterAppTests.swift */; };
		EF88FF97259A295600ADF27B /* TwitterAppUITests.swift in Sources */ = {isa = PBXBuildFile; fileRef = EF88FF96259A295600ADF27B /* TwitterAppUITests.swift */; };
		EF88FFBB259A2D4000ADF27B /* TwitButton.swift in Sources */ = {isa = PBXBuildFile; fileRef = EF88FFBA259A2D4000ADF27B /* TwitButton.swift */; };
		EF88FFC3259A337C00ADF27B /* UserSearchVC.swift in Sources */ = {isa = PBXBuildFile; fileRef = EF88FFC2259A337C00ADF27B /* UserSearchVC.swift */; };
		EF88FFC9259A340600ADF27B /* TwitImageView.swift in Sources */ = {isa = PBXBuildFile; fileRef = EF88FFC8259A340600ADF27B /* TwitImageView.swift */; };
		EF88FFD2259A3C0B00ADF27B /* TwitTextField.swift in Sources */ = {isa = PBXBuildFile; fileRef = EF88FFD1259A3C0B00ADF27B /* TwitTextField.swift */; };
		EF88FFDA259A3FF500ADF27B /* SearchTweetsVC.swift in Sources */ = {isa = PBXBuildFile; fileRef = EF88FFD9259A3FF500ADF27B /* SearchTweetsVC.swift */; };
		EF88FFE0259A404600ADF27B /* Marks.swift in Sources */ = {isa = PBXBuildFile; fileRef = EF88FFDF259A404600ADF27B /* Marks.swift */; };
		EFA03C0725ACB6420024057D /* NetworkManager.swift in Sources */ = {isa = PBXBuildFile; fileRef = EFA03C0625ACB6420024057D /* NetworkManager.swift */; };
		EFC7FB5825A39F8B00E08A8E /* SearchTweetsVCCollectionHeader.swift in Sources */ = {isa = PBXBuildFile; fileRef = EFC7FB5725A39F8B00E08A8E /* SearchTweetsVCCollectionHeader.swift */; };
		EFC7FB5D25A3A19E00E08A8E /* SearchTweetsCell.swift in Sources */ = {isa = PBXBuildFile; fileRef = EFC7FB5C25A3A19E00E08A8E /* SearchTweetsCell.swift */; };
		EFCA742825DADE94007E461A /* TwitterTabBarController.swift in Sources */ = {isa = PBXBuildFile; fileRef = EFCA742725DADE94007E461A /* TwitterTabBarController.swift */; };
		EFCB660B25B263FA00EECD0E /* FavoritesEmptyStateView.swift in Sources */ = {isa = PBXBuildFile; fileRef = EFCB660A25B263FA00EECD0E /* FavoritesEmptyStateView.swift */; };
		EFCB661125B2664400EECD0E /* ViewController+Ext.swift in Sources */ = {isa = PBXBuildFile; fileRef = EFCB661025B2664400EECD0E /* ViewController+Ext.swift */; };
		EFD473E525A8C16E00AC9AD9 /* FavoriteUsersVC.swift in Sources */ = {isa = PBXBuildFile; fileRef = EFD473E425A8C16E00AC9AD9 /* FavoriteUsersVC.swift */; };
		EFD473F125A8C69700AC9AD9 /* FavoriteUsersCell.swift in Sources */ = {isa = PBXBuildFile; fileRef = EFD473F025A8C69700AC9AD9 /* FavoriteUsersCell.swift */; };
		EFD4744025AA503C00AC9AD9 /* CollectionLayouts.swift in Sources */ = {isa = PBXBuildFile; fileRef = EFD4743F25AA503C00AC9AD9 /* CollectionLayouts.swift */; };
		EFFBB84F25AABB86009662E2 /* FavoritesCollectionHeader.swift in Sources */ = {isa = PBXBuildFile; fileRef = EFFBB84E25AABB86009662E2 /* FavoritesCollectionHeader.swift */; };
/* End PBXBuildFile section */

/* Begin PBXContainerItemProxy section */
		EF88FF88259A295500ADF27B /* PBXContainerItemProxy */ = {
			isa = PBXContainerItemProxy;
			containerPortal = EF88FF69259A295300ADF27B /* Project object */;
			proxyType = 1;
			remoteGlobalIDString = EF88FF70259A295300ADF27B;
			remoteInfo = TwitterApp;
		};
		EF88FF93259A295500ADF27B /* PBXContainerItemProxy */ = {
			isa = PBXContainerItemProxy;
			containerPortal = EF88FF69259A295300ADF27B /* Project object */;
			proxyType = 1;
			remoteGlobalIDString = EF88FF70259A295300ADF27B;
			remoteInfo = TwitterApp;
		};
/* End PBXContainerItemProxy section */

/* Begin PBXCopyFilesBuildPhase section */
		EFC7FBBF25A4AD2000E08A8E /* Embed Frameworks */ = {
			isa = PBXCopyFilesBuildPhase;
			buildActionMask = 2147483647;
			dstPath = "";
			dstSubfolderSpec = 10;
			files = (
			);
			name = "Embed Frameworks";
			runOnlyForDeploymentPostprocessing = 0;
		};
/* End PBXCopyFilesBuildPhase section */

/* Begin PBXFileReference section */
		00D5509CAB6AC1376E10B269 /* Pods_TwitterApp_TwitterAppUITests.framework */ = {isa = PBXFileReference; explicitFileType = wrapper.framework; includeInIndex = 0; path = Pods_TwitterApp_TwitterAppUITests.framework; sourceTree = BUILT_PRODUCTS_DIR; };
		1D3FE5A92D72FFDC5BCE749B /* Pods-TwitterAppTests.debug.xcconfig */ = {isa = PBXFileReference; includeInIndex = 1; lastKnownFileType = text.xcconfig; name = "Pods-TwitterAppTests.debug.xcconfig"; path = "Target Support Files/Pods-TwitterAppTests/Pods-TwitterAppTests.debug.xcconfig"; sourceTree = "<group>"; };
		2879CAC6F2641A2DFE5C763A /* Pods-TwitterAppTests.release.xcconfig */ = {isa = PBXFileReference; includeInIndex = 1; lastKnownFileType = text.xcconfig; name = "Pods-TwitterAppTests.release.xcconfig"; path = "Target Support Files/Pods-TwitterAppTests/Pods-TwitterAppTests.release.xcconfig"; sourceTree = "<group>"; };
		29AE03F13C97091BA3C995F4 /* Pods-TwitterApp.release.xcconfig */ = {isa = PBXFileReference; includeInIndex = 1; lastKnownFileType = text.xcconfig; name = "Pods-TwitterApp.release.xcconfig"; path = "Target Support Files/Pods-TwitterApp/Pods-TwitterApp.release.xcconfig"; sourceTree = "<group>"; };
		2EB21291FB10A718311C0EBB /* Pods-TwitterApp.debug.xcconfig */ = {isa = PBXFileReference; includeInIndex = 1; lastKnownFileType = text.xcconfig; name = "Pods-TwitterApp.debug.xcconfig"; path = "Target Support Files/Pods-TwitterApp/Pods-TwitterApp.debug.xcconfig"; sourceTree = "<group>"; };
		402A1509683D8175D27D5D3B /* Pods_TwitterAppTests.framework */ = {isa = PBXFileReference; explicitFileType = wrapper.framework; includeInIndex = 0; path = Pods_TwitterAppTests.framework; sourceTree = BUILT_PRODUCTS_DIR; };
		51B25397E4C98CBFD0E28F91 /* Pods-TwitterApp-TwitterAppUITests.debug.xcconfig */ = {isa = PBXFileReference; includeInIndex = 1; lastKnownFileType = text.xcconfig; name = "Pods-TwitterApp-TwitterAppUITests.debug.xcconfig"; path = "Target Support Files/Pods-TwitterApp-TwitterAppUITests/Pods-TwitterApp-TwitterAppUITests.debug.xcconfig"; sourceTree = "<group>"; };
		A24D670BC481EC55D9A1D297 /* Pods_TwitterApp.framework */ = {isa = PBXFileReference; explicitFileType = wrapper.framework; includeInIndex = 0; path = Pods_TwitterApp.framework; sourceTree = BUILT_PRODUCTS_DIR; };
		AE00259C1CDB80BBE4EC59BE /* Pods-TwitterApp-TwitterAppUITests.release.xcconfig */ = {isa = PBXFileReference; includeInIndex = 1; lastKnownFileType = text.xcconfig; name = "Pods-TwitterApp-TwitterAppUITests.release.xcconfig"; path = "Target Support Files/Pods-TwitterApp-TwitterAppUITests/Pods-TwitterApp-TwitterAppUITests.release.xcconfig"; sourceTree = "<group>"; };
		EF294D1525AA652600850E74 /* TwitProfilePictureImageView.swift */ = {isa = PBXFileReference; lastKnownFileType = sourcecode.swift; path = TwitProfilePictureImageView.swift; sourceTree = "<group>"; };
		EF294D1D25AA6F6200850E74 /* SearchTweetUserInfoView.swift */ = {isa = PBXFileReference; lastKnownFileType = sourcecode.swift; path = SearchTweetUserInfoView.swift; sourceTree = "<group>"; };
		EF294D2D25AA713C00850E74 /* Constants.swift */ = {isa = PBXFileReference; lastKnownFileType = sourcecode.swift; path = Constants.swift; sourceTree = "<group>"; };
		EF39E53725A207BD004462DC /* User.swift */ = {isa = PBXFileReference; lastKnownFileType = sourcecode.swift; path = User.swift; sourceTree = "<group>"; };
		EF3E7A9425BB0D9D0036DAFC /* Double+Ext.swift */ = {isa = PBXFileReference; lastKnownFileType = sourcecode.swift; path = "Double+Ext.swift"; sourceTree = "<group>"; };
		EF3E7AA025BC6B7A0036DAFC /* String+Ext.swift */ = {isa = PBXFileReference; lastKnownFileType = sourcecode.swift; path = "String+Ext.swift"; sourceTree = "<group>"; };
		EF3E7AA425BC78010036DAFC /* RemoveFromFavButton.swift */ = {isa = PBXFileReference; lastKnownFileType = sourcecode.swift; path = RemoveFromFavButton.swift; sourceTree = "<group>"; };
		EF3E7AA825BC7F490036DAFC /* GoSafariButton.swift */ = {isa = PBXFileReference; lastKnownFileType = sourcecode.swift; path = GoSafariButton.swift; sourceTree = "<group>"; };
		EF3E7AAC25BCB8370036DAFC /* BackgroundPictureImageView.swift */ = {isa = PBXFileReference; lastKnownFileType = sourcecode.swift; path = BackgroundPictureImageView.swift; sourceTree = "<group>"; };
		EF3E7AB325BDAA1F0036DAFC /* FavoriteTweet.swift */ = {isa = PBXFileReference; lastKnownFileType = sourcecode.swift; path = FavoriteTweet.swift; sourceTree = "<group>"; };
		EF3E7ABE25BDC3280036DAFC /* TwetLoadingDataVC.swift */ = {isa = PBXFileReference; lastKnownFileType = sourcecode.swift; path = TwetLoadingDataVC.swift; sourceTree = "<group>"; };
		EF3E7AC425BDE0470036DAFC /* TweetAlertVC.swift */ = {isa = PBXFileReference; lastKnownFileType = sourcecode.swift; path = TweetAlertVC.swift; sourceTree = "<group>"; };
		EF3E7AC825BDE05B0036DAFC /* AlertContainerView.swift */ = {isa = PBXFileReference; lastKnownFileType = sourcecode.swift; path = AlertContainerView.swift; sourceTree = "<group>"; };
		EF3E7ACC25BDE1160036DAFC /* UIView+Ext.swift */ = {isa = PBXFileReference; lastKnownFileType = sourcecode.swift; path = "UIView+Ext.swift"; sourceTree = "<group>"; };
		EF4D7AB025AB71600096CB6A /* FavoriteTweetsVC.swift */ = {isa = PBXFileReference; lastKnownFileType = sourcecode.swift; path = FavoriteTweetsVC.swift; sourceTree = "<group>"; };
		EF4D7AB425AB74B90096CB6A /* FavoriteTweetsCell.swift */ = {isa = PBXFileReference; lastKnownFileType = sourcecode.swift; path = FavoriteTweetsCell.swift; sourceTree = "<group>"; };
		EF4D7AC825AB8A320096CB6A /* CellMediaInfoView.swift */ = {isa = PBXFileReference; lastKnownFileType = sourcecode.swift; path = CellMediaInfoView.swift; sourceTree = "<group>"; };
		EF4D7ACF25AB91930096CB6A /* UserSearchVCTextView.swift */ = {isa = PBXFileReference; lastKnownFileType = sourcecode.swift; path = UserSearchVCTextView.swift; sourceTree = "<group>"; };
		EF79C700259A78F0004013BF /* UserResultLabel.swift */ = {isa = PBXFileReference; lastKnownFileType = sourcecode.swift; path = UserResultLabel.swift; sourceTree = "<group>"; };
		EF79C70E259A8710004013BF /* TwitInfoHeaderTitleLabel.swift */ = {isa = PBXFileReference; lastKnownFileType = sourcecode.swift; path = TwitInfoHeaderTitleLabel.swift; sourceTree = "<group>"; };
		EF79C71E259A8763004013BF /* TwitInfoHeaderBodyLabel.swift */ = {isa = PBXFileReference; lastKnownFileType = sourcecode.swift; path = TwitInfoHeaderBodyLabel.swift; sourceTree = "<group>"; };
		EF7F9ED725B07F9800F9799A /* Tweet.swift */ = {isa = PBXFileReference; lastKnownFileType = sourcecode.swift; path = Tweet.swift; sourceTree = "<group>"; };
		EF7F9EE325B0CAF200F9799A /* PersistenceManager.swift */ = {isa = PBXFileReference; lastKnownFileType = sourcecode.swift; path = PersistenceManager.swift; sourceTree = "<group>"; };
		EF88FF71259A295300ADF27B /* TwitterApp.app */ = {isa = PBXFileReference; explicitFileType = wrapper.application; includeInIndex = 0; path = TwitterApp.app; sourceTree = BUILT_PRODUCTS_DIR; };
		EF88FF74259A295300ADF27B /* AppDelegate.swift */ = {isa = PBXFileReference; lastKnownFileType = sourcecode.swift; path = AppDelegate.swift; sourceTree = "<group>"; };
		EF88FF76259A295300ADF27B /* SceneDelegate.swift */ = {isa = PBXFileReference; lastKnownFileType = sourcecode.swift; path = SceneDelegate.swift; sourceTree = "<group>"; };
		EF88FF78259A295300ADF27B /* FavoritesVC.swift */ = {isa = PBXFileReference; lastKnownFileType = sourcecode.swift; path = FavoritesVC.swift; sourceTree = "<group>"; };
		EF88FF7B259A295300ADF27B /* Base */ = {isa = PBXFileReference; lastKnownFileType = file.storyboard; name = Base; path = Base.lproj/Main.storyboard; sourceTree = "<group>"; };
		EF88FF7D259A295500ADF27B /* Assets.xcassets */ = {isa = PBXFileReference; lastKnownFileType = folder.assetcatalog; path = Assets.xcassets; sourceTree = "<group>"; };
		EF88FF80259A295500ADF27B /* Base */ = {isa = PBXFileReference; lastKnownFileType = file.storyboard; name = Base; path = Base.lproj/LaunchScreen.storyboard; sourceTree = "<group>"; };
		EF88FF82259A295500ADF27B /* Info.plist */ = {isa = PBXFileReference; lastKnownFileType = text.plist.xml; path = Info.plist; sourceTree = "<group>"; };
		EF88FF87259A295500ADF27B /* TwitterAppTests.xctest */ = {isa = PBXFileReference; explicitFileType = wrapper.cfbundle; includeInIndex = 0; path = TwitterAppTests.xctest; sourceTree = BUILT_PRODUCTS_DIR; };
		EF88FF8B259A295500ADF27B /* TwitterAppTests.swift */ = {isa = PBXFileReference; lastKnownFileType = sourcecode.swift; path = TwitterAppTests.swift; sourceTree = "<group>"; };
		EF88FF8D259A295500ADF27B /* Info.plist */ = {isa = PBXFileReference; lastKnownFileType = text.plist.xml; path = Info.plist; sourceTree = "<group>"; };
		EF88FF92259A295500ADF27B /* TwitterAppUITests.xctest */ = {isa = PBXFileReference; explicitFileType = wrapper.cfbundle; includeInIndex = 0; path = TwitterAppUITests.xctest; sourceTree = BUILT_PRODUCTS_DIR; };
		EF88FF96259A295600ADF27B /* TwitterAppUITests.swift */ = {isa = PBXFileReference; lastKnownFileType = sourcecode.swift; path = TwitterAppUITests.swift; sourceTree = "<group>"; };
		EF88FF98259A295600ADF27B /* Info.plist */ = {isa = PBXFileReference; lastKnownFileType = text.plist.xml; path = Info.plist; sourceTree = "<group>"; };
		EF88FFBA259A2D4000ADF27B /* TwitButton.swift */ = {isa = PBXFileReference; lastKnownFileType = sourcecode.swift; path = TwitButton.swift; sourceTree = "<group>"; };
		EF88FFC2259A337C00ADF27B /* UserSearchVC.swift */ = {isa = PBXFileReference; lastKnownFileType = sourcecode.swift; path = UserSearchVC.swift; sourceTree = "<group>"; };
		EF88FFC8259A340600ADF27B /* TwitImageView.swift */ = {isa = PBXFileReference; lastKnownFileType = sourcecode.swift; path = TwitImageView.swift; sourceTree = "<group>"; };
		EF88FFD1259A3C0B00ADF27B /* TwitTextField.swift */ = {isa = PBXFileReference; lastKnownFileType = sourcecode.swift; path = TwitTextField.swift; sourceTree = "<group>"; };
		EF88FFD9259A3FF500ADF27B /* SearchTweetsVC.swift */ = {isa = PBXFileReference; lastKnownFileType = sourcecode.swift; path = SearchTweetsVC.swift; sourceTree = "<group>"; };
		EF88FFDF259A404600ADF27B /* Marks.swift */ = {isa = PBXFileReference; lastKnownFileType = sourcecode.swift; path = Marks.swift; sourceTree = "<group>"; };
		EFA03C0625ACB6420024057D /* NetworkManager.swift */ = {isa = PBXFileReference; lastKnownFileType = sourcecode.swift; path = NetworkManager.swift; sourceTree = "<group>"; };
		EFC7FB5725A39F8B00E08A8E /* SearchTweetsVCCollectionHeader.swift */ = {isa = PBXFileReference; lastKnownFileType = sourcecode.swift; path = SearchTweetsVCCollectionHeader.swift; sourceTree = "<group>"; };
		EFC7FB5C25A3A19E00E08A8E /* SearchTweetsCell.swift */ = {isa = PBXFileReference; lastKnownFileType = sourcecode.swift; path = SearchTweetsCell.swift; sourceTree = "<group>"; };
		EFCA742725DADE94007E461A /* TwitterTabBarController.swift */ = {isa = PBXFileReference; lastKnownFileType = sourcecode.swift; path = TwitterTabBarController.swift; sourceTree = "<group>"; };
		EFCB660A25B263FA00EECD0E /* FavoritesEmptyStateView.swift */ = {isa = PBXFileReference; lastKnownFileType = sourcecode.swift; path = FavoritesEmptyStateView.swift; sourceTree = "<group>"; };
		EFCB661025B2664400EECD0E /* ViewController+Ext.swift */ = {isa = PBXFileReference; lastKnownFileType = sourcecode.swift; path = "ViewController+Ext.swift"; sourceTree = "<group>"; };
		EFD473E425A8C16E00AC9AD9 /* FavoriteUsersVC.swift */ = {isa = PBXFileReference; lastKnownFileType = sourcecode.swift; path = FavoriteUsersVC.swift; sourceTree = "<group>"; };
		EFD473F025A8C69700AC9AD9 /* FavoriteUsersCell.swift */ = {isa = PBXFileReference; lastKnownFileType = sourcecode.swift; path = FavoriteUsersCell.swift; sourceTree = "<group>"; };
		EFD4743F25AA503C00AC9AD9 /* CollectionLayouts.swift */ = {isa = PBXFileReference; lastKnownFileType = sourcecode.swift; path = CollectionLayouts.swift; sourceTree = "<group>"; };
		EFFBB84E25AABB86009662E2 /* FavoritesCollectionHeader.swift */ = {isa = PBXFileReference; lastKnownFileType = sourcecode.swift; path = FavoritesCollectionHeader.swift; sourceTree = "<group>"; };
/* End PBXFileReference section */

/* Begin PBXFrameworksBuildPhase section */
		EF88FF6E259A295300ADF27B /* Frameworks */ = {
			isa = PBXFrameworksBuildPhase;
			buildActionMask = 2147483647;
			files = (
				BE1448B21F71C3D1781506D8 /* Pods_TwitterApp.framework in Frameworks */,
			);
			runOnlyForDeploymentPostprocessing = 0;
		};
		EF88FF84259A295500ADF27B /* Frameworks */ = {
			isa = PBXFrameworksBuildPhase;
			buildActionMask = 2147483647;
			files = (
				23C167C791A5480ADB894545 /* Pods_TwitterAppTests.framework in Frameworks */,
			);
			runOnlyForDeploymentPostprocessing = 0;
		};
		EF88FF8F259A295500ADF27B /* Frameworks */ = {
			isa = PBXFrameworksBuildPhase;
			buildActionMask = 2147483647;
			files = (
				04BC69725EC22AF0083D946F /* Pods_TwitterApp_TwitterAppUITests.framework in Frameworks */,
			);
			runOnlyForDeploymentPostprocessing = 0;
		};
/* End PBXFrameworksBuildPhase section */

/* Begin PBXGroup section */
		9B38EBBF91B9C55E8C52EE1C /* Pods */ = {
			isa = PBXGroup;
			children = (
				2EB21291FB10A718311C0EBB /* Pods-TwitterApp.debug.xcconfig */,
				29AE03F13C97091BA3C995F4 /* Pods-TwitterApp.release.xcconfig */,
				51B25397E4C98CBFD0E28F91 /* Pods-TwitterApp-TwitterAppUITests.debug.xcconfig */,
				AE00259C1CDB80BBE4EC59BE /* Pods-TwitterApp-TwitterAppUITests.release.xcconfig */,
				1D3FE5A92D72FFDC5BCE749B /* Pods-TwitterAppTests.debug.xcconfig */,
				2879CAC6F2641A2DFE5C763A /* Pods-TwitterAppTests.release.xcconfig */,
			);
			path = Pods;
			sourceTree = "<group>";
		};
		EF294D1C25AA6F5100850E74 /* Views */ = {
			isa = PBXGroup;
			children = (
				EF294D1D25AA6F6200850E74 /* SearchTweetUserInfoView.swift */,
				EF4D7AC825AB8A320096CB6A /* CellMediaInfoView.swift */,
				EFCB660A25B263FA00EECD0E /* FavoritesEmptyStateView.swift */,
				EF3E7AC825BDE05B0036DAFC /* AlertContainerView.swift */,
			);
			path = Views;
			sourceTree = "<group>";
		};
		EF39E52C25A206B8004462DC /* Manager */ = {
			isa = PBXGroup;
			children = (
				EFA03C0625ACB6420024057D /* NetworkManager.swift */,
				EF7F9EE325B0CAF200F9799A /* PersistenceManager.swift */,
			);
			path = Manager;
			sourceTree = "<group>";
		};
		EF39E53525A207AB004462DC /* Model */ = {
			isa = PBXGroup;
			children = (
				EF39E53725A207BD004462DC /* User.swift */,
				EF7F9ED725B07F9800F9799A /* Tweet.swift */,
				EF3E7AB325BDAA1F0036DAFC /* FavoriteTweet.swift */,
			);
			path = Model;
			sourceTree = "<group>";
		};
		EF3E7ABD25BDC3190036DAFC /* View Controllers */ = {
			isa = PBXGroup;
			children = (
				EF3E7ABE25BDC3280036DAFC /* TwetLoadingDataVC.swift */,
				EF3E7AC425BDE0470036DAFC /* TweetAlertVC.swift */,
			);
			path = "View Controllers";
			sourceTree = "<group>";
		};
		EF4D7ACE25AB91690096CB6A /* TextView */ = {
			isa = PBXGroup;
			children = (
				EF4D7ACF25AB91930096CB6A /* UserSearchVCTextView.swift */,
			);
			path = TextView;
			sourceTree = "<group>";
		};
		EF79C6F9259A786E004013BF /* Cells */ = {
			isa = PBXGroup;
			children = (
				EFD473F025A8C69700AC9AD9 /* FavoriteUsersCell.swift */,
				EFC7FB5C25A3A19E00E08A8E /* SearchTweetsCell.swift */,
				EF4D7AB425AB74B90096CB6A /* FavoriteTweetsCell.swift */,
			);
			path = Cells;
			sourceTree = "<group>";
		};
		EF79C6FF259A78D7004013BF /* Labels */ = {
			isa = PBXGroup;
			children = (
				EF79C700259A78F0004013BF /* UserResultLabel.swift */,
				EF79C70E259A8710004013BF /* TwitInfoHeaderTitleLabel.swift */,
				EF79C71E259A8763004013BF /* TwitInfoHeaderBodyLabel.swift */,
			);
			path = Labels;
			sourceTree = "<group>";
		};
		EF88FF68259A295300ADF27B = {
			isa = PBXGroup;
			children = (
				EF88FF73259A295300ADF27B /* TwitterApp */,
				EF88FF8A259A295500ADF27B /* TwitterAppTests */,
				EF88FF95259A295500ADF27B /* TwitterAppUITests */,
				EF88FF72259A295300ADF27B /* Products */,
				EFC7FBBC25A4AD2000E08A8E /* Frameworks */,
				9B38EBBF91B9C55E8C52EE1C /* Pods */,
			);
			sourceTree = "<group>";
		};
		EF88FF72259A295300ADF27B /* Products */ = {
			isa = PBXGroup;
			children = (
				EF88FF71259A295300ADF27B /* TwitterApp.app */,
				EF88FF87259A295500ADF27B /* TwitterAppTests.xctest */,
				EF88FF92259A295500ADF27B /* TwitterAppUITests.xctest */,
			);
			name = Products;
			sourceTree = "<group>";
		};
		EF88FF73259A295300ADF27B /* TwitterApp */ = {
			isa = PBXGroup;
			children = (
				EFCB660E25B2662800EECD0E /* Extensions */,
				EF39E53525A207AB004462DC /* Model */,
				EF39E52C25A206B8004462DC /* Manager */,
				EF88FFDE259A402D00ADF27B /* Utilites */,
				EF88FF82259A295500ADF27B /* Info.plist */,
				EF88FFB2259A2A0700ADF27B /* Custom Views */,
				EF88FFA8259A29AB00ADF27B /* View Controllers */,
				EF88FFA7259A299A00ADF27B /* Support */,
			);
			path = TwitterApp;
			sourceTree = "<group>";
		};
		EF88FF8A259A295500ADF27B /* TwitterAppTests */ = {
			isa = PBXGroup;
			children = (
				EF88FF8B259A295500ADF27B /* TwitterAppTests.swift */,
				EF88FF8D259A295500ADF27B /* Info.plist */,
			);
			path = TwitterAppTests;
			sourceTree = "<group>";
		};
		EF88FF95259A295500ADF27B /* TwitterAppUITests */ = {
			isa = PBXGroup;
			children = (
				EF88FF96259A295600ADF27B /* TwitterAppUITests.swift */,
				EF88FF98259A295600ADF27B /* Info.plist */,
			);
			path = TwitterAppUITests;
			sourceTree = "<group>";
		};
		EF88FFA7259A299A00ADF27B /* Support */ = {
			isa = PBXGroup;
			children = (
				EF88FF74259A295300ADF27B /* AppDelegate.swift */,
				EF88FF76259A295300ADF27B /* SceneDelegate.swift */,
				EF88FF7A259A295300ADF27B /* Main.storyboard */,
				EF88FF7D259A295500ADF27B /* Assets.xcassets */,
				EF88FF7F259A295500ADF27B /* LaunchScreen.storyboard */,
			);
			path = Support;
			sourceTree = "<group>";
		};
		EF88FFA8259A29AB00ADF27B /* View Controllers */ = {
			isa = PBXGroup;
			children = (
				EF88FF78259A295300ADF27B /* FavoritesVC.swift */,
				EF88FFC2259A337C00ADF27B /* UserSearchVC.swift */,
				EF88FFD9259A3FF500ADF27B /* SearchTweetsVC.swift */,
				EFD473E425A8C16E00AC9AD9 /* FavoriteUsersVC.swift */,
				EF4D7AB025AB71600096CB6A /* FavoriteTweetsVC.swift */,
			);
			path = "View Controllers";
			sourceTree = "<group>";
		};
		EF88FFB2259A2A0700ADF27B /* Custom Views */ = {
			isa = PBXGroup;
			children = (
				EFCA742625DADE73007E461A /* Tabbar */,
				EFC7FB5625A39F5800E08A8E /* CollectionReusableViews */,
				EF79C6F9259A786E004013BF /* Cells */,
				EF4D7ACE25AB91690096CB6A /* TextView */,
				EF88FFD0259A3BF200ADF27B /* Text Fields */,
				EF88FFC7259A33E800ADF27B /* Image Views */,
				EF79C6FF259A78D7004013BF /* Labels */,
				EF88FFB9259A2D2500ADF27B /* Buttons */,
				EF294D1C25AA6F5100850E74 /* Views */,
				EF3E7ABD25BDC3190036DAFC /* View Controllers */,
			);
			path = "Custom Views";
			sourceTree = "<group>";
		};
		EF88FFB9259A2D2500ADF27B /* Buttons */ = {
			isa = PBXGroup;
			children = (
				EF88FFBA259A2D4000ADF27B /* TwitButton.swift */,
				EF3E7AA425BC78010036DAFC /* RemoveFromFavButton.swift */,
				EF3E7AA825BC7F490036DAFC /* GoSafariButton.swift */,
			);
			path = Buttons;
			sourceTree = "<group>";
		};
		EF88FFC7259A33E800ADF27B /* Image Views */ = {
			isa = PBXGroup;
			children = (
				EF88FFC8259A340600ADF27B /* TwitImageView.swift */,
				EF294D1525AA652600850E74 /* TwitProfilePictureImageView.swift */,
				EF3E7AAC25BCB8370036DAFC /* BackgroundPictureImageView.swift */,
			);
			path = "Image Views";
			sourceTree = "<group>";
		};
		EF88FFD0259A3BF200ADF27B /* Text Fields */ = {
			isa = PBXGroup;
			children = (
				EF88FFD1259A3C0B00ADF27B /* TwitTextField.swift */,
			);
			path = "Text Fields";
			sourceTree = "<group>";
		};
		EF88FFDE259A402D00ADF27B /* Utilites */ = {
			isa = PBXGroup;
			children = (
				EF88FFDF259A404600ADF27B /* Marks.swift */,
				EF294D2D25AA713C00850E74 /* Constants.swift */,
				EFD4743F25AA503C00AC9AD9 /* CollectionLayouts.swift */,
			);
			path = Utilites;
			sourceTree = "<group>";
		};
		EFC7FB5625A39F5800E08A8E /* CollectionReusableViews */ = {
			isa = PBXGroup;
			children = (
				EFC7FB5725A39F8B00E08A8E /* SearchTweetsVCCollectionHeader.swift */,
				EFFBB84E25AABB86009662E2 /* FavoritesCollectionHeader.swift */,
			);
			path = CollectionReusableViews;
			sourceTree = "<group>";
		};
		EFC7FBBC25A4AD2000E08A8E /* Frameworks */ = {
			isa = PBXGroup;
			children = (
				A24D670BC481EC55D9A1D297 /* Pods_TwitterApp.framework */,
				00D5509CAB6AC1376E10B269 /* Pods_TwitterApp_TwitterAppUITests.framework */,
				402A1509683D8175D27D5D3B /* Pods_TwitterAppTests.framework */,
			);
			name = Frameworks;
			sourceTree = "<group>";
		};
		EFCA742625DADE73007E461A /* Tabbar */ = {
			isa = PBXGroup;
			children = (
				EFCA742725DADE94007E461A /* TwitterTabBarController.swift */,
			);
			path = Tabbar;
			sourceTree = "<group>";
		};
		EFCB660E25B2662800EECD0E /* Extensions */ = {
			isa = PBXGroup;
			children = (
				EF3E7A9425BB0D9D0036DAFC /* Double+Ext.swift */,
				EFCB661025B2664400EECD0E /* ViewController+Ext.swift */,
				EF3E7ACC25BDE1160036DAFC /* UIView+Ext.swift */,
				EF3E7AA025BC6B7A0036DAFC /* String+Ext.swift */,
			);
			path = Extensions;
			sourceTree = "<group>";
		};
/* End PBXGroup section */

/* Begin PBXNativeTarget section */
		EF88FF70259A295300ADF27B /* TwitterApp */ = {
			isa = PBXNativeTarget;
			buildConfigurationList = EF88FF9B259A295600ADF27B /* Build configuration list for PBXNativeTarget "TwitterApp" */;
			buildPhases = (
				E79D2F9494708B9A4946A052 /* [CP] Check Pods Manifest.lock */,
				EF88FF6D259A295300ADF27B /* Sources */,
				EF88FF6E259A295300ADF27B /* Frameworks */,
				EF88FF6F259A295300ADF27B /* Resources */,
				EFC7FBBF25A4AD2000E08A8E /* Embed Frameworks */,
				BFA77BB613636821EAB67A89 /* [CP] Embed Pods Frameworks */,
			);
			buildRules = (
			);
			dependencies = (
			);
			name = TwitterApp;
			productName = TwitterApp;
			productReference = EF88FF71259A295300ADF27B /* TwitterApp.app */;
			productType = "com.apple.product-type.application";
		};
		EF88FF86259A295500ADF27B /* TwitterAppTests */ = {
			isa = PBXNativeTarget;
			buildConfigurationList = EF88FF9E259A295600ADF27B /* Build configuration list for PBXNativeTarget "TwitterAppTests" */;
			buildPhases = (
				DD064EBB000AAB540BFD57C3 /* [CP] Check Pods Manifest.lock */,
				EF88FF83259A295500ADF27B /* Sources */,
				EF88FF84259A295500ADF27B /* Frameworks */,
				EF88FF85259A295500ADF27B /* Resources */,
			);
			buildRules = (
			);
			dependencies = (
				EF88FF89259A295500ADF27B /* PBXTargetDependency */,
			);
			name = TwitterAppTests;
			productName = TwitterAppTests;
			productReference = EF88FF87259A295500ADF27B /* TwitterAppTests.xctest */;
			productType = "com.apple.product-type.bundle.unit-test";
		};
		EF88FF91259A295500ADF27B /* TwitterAppUITests */ = {
			isa = PBXNativeTarget;
			buildConfigurationList = EF88FFA1259A295600ADF27B /* Build configuration list for PBXNativeTarget "TwitterAppUITests" */;
			buildPhases = (
				8895A9A3353E540D29B356B0 /* [CP] Check Pods Manifest.lock */,
				EF88FF8E259A295500ADF27B /* Sources */,
				EF88FF8F259A295500ADF27B /* Frameworks */,
				EF88FF90259A295500ADF27B /* Resources */,
				9A044E73CA600CE9FC0353AC /* [CP] Embed Pods Frameworks */,
			);
			buildRules = (
			);
			dependencies = (
				EF88FF94259A295500ADF27B /* PBXTargetDependency */,
			);
			name = TwitterAppUITests;
			productName = TwitterAppUITests;
			productReference = EF88FF92259A295500ADF27B /* TwitterAppUITests.xctest */;
			productType = "com.apple.product-type.bundle.ui-testing";
		};
/* End PBXNativeTarget section */

/* Begin PBXProject section */
		EF88FF69259A295300ADF27B /* Project object */ = {
			isa = PBXProject;
			attributes = {
				LastSwiftUpdateCheck = 1230;
				LastUpgradeCheck = 1230;
				TargetAttributes = {
					EF88FF70259A295300ADF27B = {
						CreatedOnToolsVersion = 12.3;
					};
					EF88FF86259A295500ADF27B = {
						CreatedOnToolsVersion = 12.3;
						TestTargetID = EF88FF70259A295300ADF27B;
					};
					EF88FF91259A295500ADF27B = {
						CreatedOnToolsVersion = 12.3;
						TestTargetID = EF88FF70259A295300ADF27B;
					};
				};
			};
			buildConfigurationList = EF88FF6C259A295300ADF27B /* Build configuration list for PBXProject "TwitterApp" */;
			compatibilityVersion = "Xcode 9.3";
			developmentRegion = en;
			hasScannedForEncodings = 0;
			knownRegions = (
				en,
				Base,
			);
			mainGroup = EF88FF68259A295300ADF27B;
			productRefGroup = EF88FF72259A295300ADF27B /* Products */;
			projectDirPath = "";
			projectRoot = "";
			targets = (
				EF88FF70259A295300ADF27B /* TwitterApp */,
				EF88FF86259A295500ADF27B /* TwitterAppTests */,
				EF88FF91259A295500ADF27B /* TwitterAppUITests */,
			);
		};
/* End PBXProject section */

/* Begin PBXResourcesBuildPhase section */
		EF88FF6F259A295300ADF27B /* Resources */ = {
			isa = PBXResourcesBuildPhase;
			buildActionMask = 2147483647;
			files = (
				EF88FF81259A295500ADF27B /* LaunchScreen.storyboard in Resources */,
				EF88FF7E259A295500ADF27B /* Assets.xcassets in Resources */,
				EF88FF7C259A295300ADF27B /* Main.storyboard in Resources */,
			);
			runOnlyForDeploymentPostprocessing = 0;
		};
		EF88FF85259A295500ADF27B /* Resources */ = {
			isa = PBXResourcesBuildPhase;
			buildActionMask = 2147483647;
			files = (
			);
			runOnlyForDeploymentPostprocessing = 0;
		};
		EF88FF90259A295500ADF27B /* Resources */ = {
			isa = PBXResourcesBuildPhase;
			buildActionMask = 2147483647;
			files = (
			);
			runOnlyForDeploymentPostprocessing = 0;
		};
/* End PBXResourcesBuildPhase section */

/* Begin PBXShellScriptBuildPhase section */
		8895A9A3353E540D29B356B0 /* [CP] Check Pods Manifest.lock */ = {
			isa = PBXShellScriptBuildPhase;
			buildActionMask = 2147483647;
			files = (
			);
			inputFileListPaths = (
			);
			inputPaths = (
				"${PODS_PODFILE_DIR_PATH}/Podfile.lock",
				"${PODS_ROOT}/Manifest.lock",
			);
			name = "[CP] Check Pods Manifest.lock";
			outputFileListPaths = (
			);
			outputPaths = (
				"$(DERIVED_FILE_DIR)/Pods-TwitterApp-TwitterAppUITests-checkManifestLockResult.txt",
			);
			runOnlyForDeploymentPostprocessing = 0;
			shellPath = /bin/sh;
			shellScript = "diff \"${PODS_PODFILE_DIR_PATH}/Podfile.lock\" \"${PODS_ROOT}/Manifest.lock\" > /dev/null\nif [ $? != 0 ] ; then\n    # print error to STDERR\n    echo \"error: The sandbox is not in sync with the Podfile.lock. Run 'pod install' or update your CocoaPods installation.\" >&2\n    exit 1\nfi\n# This output is used by Xcode 'outputs' to avoid re-running this script phase.\necho \"SUCCESS\" > \"${SCRIPT_OUTPUT_FILE_0}\"\n";
			showEnvVarsInLog = 0;
		};
		9A044E73CA600CE9FC0353AC /* [CP] Embed Pods Frameworks */ = {
			isa = PBXShellScriptBuildPhase;
			buildActionMask = 2147483647;
			files = (
			);
			inputFileListPaths = (
				"${PODS_ROOT}/Target Support Files/Pods-TwitterApp-TwitterAppUITests/Pods-TwitterApp-TwitterAppUITests-frameworks-${CONFIGURATION}-input-files.xcfilelist",
			);
			name = "[CP] Embed Pods Frameworks";
			outputFileListPaths = (
				"${PODS_ROOT}/Target Support Files/Pods-TwitterApp-TwitterAppUITests/Pods-TwitterApp-TwitterAppUITests-frameworks-${CONFIGURATION}-output-files.xcfilelist",
			);
			runOnlyForDeploymentPostprocessing = 0;
			shellPath = /bin/sh;
			shellScript = "\"${PODS_ROOT}/Target Support Files/Pods-TwitterApp-TwitterAppUITests/Pods-TwitterApp-TwitterAppUITests-frameworks.sh\"\n";
			showEnvVarsInLog = 0;
		};
		BFA77BB613636821EAB67A89 /* [CP] Embed Pods Frameworks */ = {
			isa = PBXShellScriptBuildPhase;
			buildActionMask = 2147483647;
			files = (
			);
			inputFileListPaths = (
				"${PODS_ROOT}/Target Support Files/Pods-TwitterApp/Pods-TwitterApp-frameworks-${CONFIGURATION}-input-files.xcfilelist",
			);
			name = "[CP] Embed Pods Frameworks";
			outputFileListPaths = (
				"${PODS_ROOT}/Target Support Files/Pods-TwitterApp/Pods-TwitterApp-frameworks-${CONFIGURATION}-output-files.xcfilelist",
			);
			runOnlyForDeploymentPostprocessing = 0;
			shellPath = /bin/sh;
			shellScript = "\"${PODS_ROOT}/Target Support Files/Pods-TwitterApp/Pods-TwitterApp-frameworks.sh\"\n";
			showEnvVarsInLog = 0;
		};
		DD064EBB000AAB540BFD57C3 /* [CP] Check Pods Manifest.lock */ = {
			isa = PBXShellScriptBuildPhase;
			buildActionMask = 2147483647;
			files = (
			);
			inputFileListPaths = (
			);
			inputPaths = (
				"${PODS_PODFILE_DIR_PATH}/Podfile.lock",
				"${PODS_ROOT}/Manifest.lock",
			);
			name = "[CP] Check Pods Manifest.lock";
			outputFileListPaths = (
			);
			outputPaths = (
				"$(DERIVED_FILE_DIR)/Pods-TwitterAppTests-checkManifestLockResult.txt",
			);
			runOnlyForDeploymentPostprocessing = 0;
			shellPath = /bin/sh;
			shellScript = "diff \"${PODS_PODFILE_DIR_PATH}/Podfile.lock\" \"${PODS_ROOT}/Manifest.lock\" > /dev/null\nif [ $? != 0 ] ; then\n    # print error to STDERR\n    echo \"error: The sandbox is not in sync with the Podfile.lock. Run 'pod install' or update your CocoaPods installation.\" >&2\n    exit 1\nfi\n# This output is used by Xcode 'outputs' to avoid re-running this script phase.\necho \"SUCCESS\" > \"${SCRIPT_OUTPUT_FILE_0}\"\n";
			showEnvVarsInLog = 0;
		};
		E79D2F9494708B9A4946A052 /* [CP] Check Pods Manifest.lock */ = {
			isa = PBXShellScriptBuildPhase;
			buildActionMask = 2147483647;
			files = (
			);
			inputFileListPaths = (
			);
			inputPaths = (
				"${PODS_PODFILE_DIR_PATH}/Podfile.lock",
				"${PODS_ROOT}/Manifest.lock",
			);
			name = "[CP] Check Pods Manifest.lock";
			outputFileListPaths = (
			);
			outputPaths = (
				"$(DERIVED_FILE_DIR)/Pods-TwitterApp-checkManifestLockResult.txt",
			);
			runOnlyForDeploymentPostprocessing = 0;
			shellPath = /bin/sh;
			shellScript = "diff \"${PODS_PODFILE_DIR_PATH}/Podfile.lock\" \"${PODS_ROOT}/Manifest.lock\" > /dev/null\nif [ $? != 0 ] ; then\n    # print error to STDERR\n    echo \"error: The sandbox is not in sync with the Podfile.lock. Run 'pod install' or update your CocoaPods installation.\" >&2\n    exit 1\nfi\n# This output is used by Xcode 'outputs' to avoid re-running this script phase.\necho \"SUCCESS\" > \"${SCRIPT_OUTPUT_FILE_0}\"\n";
			showEnvVarsInLog = 0;
		};
/* End PBXShellScriptBuildPhase section */

/* Begin PBXSourcesBuildPhase section */
		EF88FF6D259A295300ADF27B /* Sources */ = {
			isa = PBXSourcesBuildPhase;
			buildActionMask = 2147483647;
			files = (
				EF294D2E25AA713C00850E74 /* Constants.swift in Sources */,
				EF3E7AA125BC6B7A0036DAFC /* String+Ext.swift in Sources */,
				EFD473E525A8C16E00AC9AD9 /* FavoriteUsersVC.swift in Sources */,
				EFCA742825DADE94007E461A /* TwitterTabBarController.swift in Sources */,
				EF3E7AB425BDAA1F0036DAFC /* FavoriteTweet.swift in Sources */,
				EF88FFD2259A3C0B00ADF27B /* TwitTextField.swift in Sources */,
				EF88FFC9259A340600ADF27B /* TwitImageView.swift in Sources */,
				EFA03C0725ACB6420024057D /* NetworkManager.swift in Sources */,
				EF3E7ACD25BDE1160036DAFC /* UIView+Ext.swift in Sources */,
				EF88FFC3259A337C00ADF27B /* UserSearchVC.swift in Sources */,
				EF79C71F259A8763004013BF /* TwitInfoHeaderBodyLabel.swift in Sources */,
				EF7F9EE425B0CAF200F9799A /* PersistenceManager.swift in Sources */,
				EF88FFE0259A404600ADF27B /* Marks.swift in Sources */,
				EF4D7AB525AB74B90096CB6A /* FavoriteTweetsCell.swift in Sources */,
				EF4D7AC925AB8A320096CB6A /* CellMediaInfoView.swift in Sources */,
				EFCB661125B2664400EECD0E /* ViewController+Ext.swift in Sources */,
				EF88FF79259A295300ADF27B /* FavoritesVC.swift in Sources */,
				EFC7FB5825A39F8B00E08A8E /* SearchTweetsVCCollectionHeader.swift in Sources */,
				EF4D7AB125AB71600096CB6A /* FavoriteTweetsVC.swift in Sources */,
				EF294D1E25AA6F6200850E74 /* SearchTweetUserInfoView.swift in Sources */,
				EF88FF75259A295300ADF27B /* AppDelegate.swift in Sources */,
				EFFBB84F25AABB86009662E2 /* FavoritesCollectionHeader.swift in Sources */,
				EF294D1625AA652600850E74 /* TwitProfilePictureImageView.swift in Sources */,
				EF3E7ABF25BDC3280036DAFC /* TwetLoadingDataVC.swift in Sources */,
				EF7F9ED825B07F9800F9799A /* Tweet.swift in Sources */,
				EF88FF77259A295300ADF27B /* SceneDelegate.swift in Sources */,
				EF3E7AA925BC7F490036DAFC /* GoSafariButton.swift in Sources */,
				EF79C70F259A8710004013BF /* TwitInfoHeaderTitleLabel.swift in Sources */,
				EFD473F125A8C69700AC9AD9 /* FavoriteUsersCell.swift in Sources */,
				EF3E7AC925BDE05B0036DAFC /* AlertContainerView.swift in Sources */,
				EF79C701259A78F0004013BF /* UserResultLabel.swift in Sources */,
				EF39E53825A207BD004462DC /* User.swift in Sources */,
				EFCB660B25B263FA00EECD0E /* FavoritesEmptyStateView.swift in Sources */,
				EF3E7A9525BB0D9D0036DAFC /* Double+Ext.swift in Sources */,
				EF88FFBB259A2D4000ADF27B /* TwitButton.swift in Sources */,
				EF88FFDA259A3FF500ADF27B /* SearchTweetsVC.swift in Sources */,
				EFC7FB5D25A3A19E00E08A8E /* SearchTweetsCell.swift in Sources */,
				EF3E7AAD25BCB8370036DAFC /* BackgroundPictureImageView.swift in Sources */,
				EFD4744025AA503C00AC9AD9 /* CollectionLayouts.swift in Sources */,
				EF3E7AC525BDE0470036DAFC /* TweetAlertVC.swift in Sources */,
				EF4D7AD025AB91930096CB6A /* UserSearchVCTextView.swift in Sources */,
				EF3E7AA525BC78010036DAFC /* RemoveFromFavButton.swift in Sources */,
			);
			runOnlyForDeploymentPostprocessing = 0;
		};
		EF88FF83259A295500ADF27B /* Sources */ = {
			isa = PBXSourcesBuildPhase;
			buildActionMask = 2147483647;
			files = (
				EF88FF8C259A295500ADF27B /* TwitterAppTests.swift in Sources */,
			);
			runOnlyForDeploymentPostprocessing = 0;
		};
		EF88FF8E259A295500ADF27B /* Sources */ = {
			isa = PBXSourcesBuildPhase;
			buildActionMask = 2147483647;
			files = (
				EF88FF97259A295600ADF27B /* TwitterAppUITests.swift in Sources */,
			);
			runOnlyForDeploymentPostprocessing = 0;
		};
/* End PBXSourcesBuildPhase section */

/* Begin PBXTargetDependency section */
		EF88FF89259A295500ADF27B /* PBXTargetDependency */ = {
			isa = PBXTargetDependency;
			target = EF88FF70259A295300ADF27B /* TwitterApp */;
			targetProxy = EF88FF88259A295500ADF27B /* PBXContainerItemProxy */;
		};
		EF88FF94259A295500ADF27B /* PBXTargetDependency */ = {
			isa = PBXTargetDependency;
			target = EF88FF70259A295300ADF27B /* TwitterApp */;
			targetProxy = EF88FF93259A295500ADF27B /* PBXContainerItemProxy */;
		};
/* End PBXTargetDependency section */

/* Begin PBXVariantGroup section */
		EF88FF7A259A295300ADF27B /* Main.storyboard */ = {
			isa = PBXVariantGroup;
			children = (
				EF88FF7B259A295300ADF27B /* Base */,
			);
			name = Main.storyboard;
			sourceTree = "<group>";
		};
		EF88FF7F259A295500ADF27B /* LaunchScreen.storyboard */ = {
			isa = PBXVariantGroup;
			children = (
				EF88FF80259A295500ADF27B /* Base */,
			);
			name = LaunchScreen.storyboard;
			sourceTree = "<group>";
		};
/* End PBXVariantGroup section */

/* Begin XCBuildConfiguration section */
		EF88FF99259A295600ADF27B /* Debug */ = {
			isa = XCBuildConfiguration;
			buildSettings = {
				ALWAYS_SEARCH_USER_PATHS = NO;
				CLANG_ANALYZER_NONNULL = YES;
				CLANG_ANALYZER_NUMBER_OBJECT_CONVERSION = YES_AGGRESSIVE;
				CLANG_CXX_LANGUAGE_STANDARD = "gnu++14";
				CLANG_CXX_LIBRARY = "libc++";
				CLANG_ENABLE_MODULES = YES;
				CLANG_ENABLE_OBJC_ARC = YES;
				CLANG_ENABLE_OBJC_WEAK = YES;
				CLANG_WARN_BLOCK_CAPTURE_AUTORELEASING = YES;
				CLANG_WARN_BOOL_CONVERSION = YES;
				CLANG_WARN_COMMA = YES;
				CLANG_WARN_CONSTANT_CONVERSION = YES;
				CLANG_WARN_DEPRECATED_OBJC_IMPLEMENTATIONS = YES;
				CLANG_WARN_DIRECT_OBJC_ISA_USAGE = YES_ERROR;
				CLANG_WARN_DOCUMENTATION_COMMENTS = YES;
				CLANG_WARN_EMPTY_BODY = YES;
				CLANG_WARN_ENUM_CONVERSION = YES;
				CLANG_WARN_INFINITE_RECURSION = YES;
				CLANG_WARN_INT_CONVERSION = YES;
				CLANG_WARN_NON_LITERAL_NULL_CONVERSION = YES;
				CLANG_WARN_OBJC_IMPLICIT_RETAIN_SELF = YES;
				CLANG_WARN_OBJC_LITERAL_CONVERSION = YES;
				CLANG_WARN_OBJC_ROOT_CLASS = YES_ERROR;
				CLANG_WARN_QUOTED_INCLUDE_IN_FRAMEWORK_HEADER = YES;
				CLANG_WARN_RANGE_LOOP_ANALYSIS = YES;
				CLANG_WARN_STRICT_PROTOTYPES = YES;
				CLANG_WARN_SUSPICIOUS_MOVE = YES;
				CLANG_WARN_UNGUARDED_AVAILABILITY = YES_AGGRESSIVE;
				CLANG_WARN_UNREACHABLE_CODE = YES;
				CLANG_WARN__DUPLICATE_METHOD_MATCH = YES;
				COPY_PHASE_STRIP = NO;
				DEBUG_INFORMATION_FORMAT = dwarf;
				ENABLE_STRICT_OBJC_MSGSEND = YES;
				ENABLE_TESTABILITY = YES;
				GCC_C_LANGUAGE_STANDARD = gnu11;
				GCC_DYNAMIC_NO_PIC = NO;
				GCC_NO_COMMON_BLOCKS = YES;
				GCC_OPTIMIZATION_LEVEL = 0;
				GCC_PREPROCESSOR_DEFINITIONS = (
					"DEBUG=1",
					"$(inherited)",
				);
				GCC_WARN_64_TO_32_BIT_CONVERSION = YES;
				GCC_WARN_ABOUT_RETURN_TYPE = YES_ERROR;
				GCC_WARN_UNDECLARED_SELECTOR = YES;
				GCC_WARN_UNINITIALIZED_AUTOS = YES_AGGRESSIVE;
				GCC_WARN_UNUSED_FUNCTION = YES;
				GCC_WARN_UNUSED_VARIABLE = YES;
				IPHONEOS_DEPLOYMENT_TARGET = 14.3;
				MTL_ENABLE_DEBUG_INFO = INCLUDE_SOURCE;
				MTL_FAST_MATH = YES;
				ONLY_ACTIVE_ARCH = YES;
				SDKROOT = iphoneos;
				SWIFT_ACTIVE_COMPILATION_CONDITIONS = DEBUG;
				SWIFT_OPTIMIZATION_LEVEL = "-Onone";
			};
			name = Debug;
		};
		EF88FF9A259A295600ADF27B /* Release */ = {
			isa = XCBuildConfiguration;
			buildSettings = {
				ALWAYS_SEARCH_USER_PATHS = NO;
				CLANG_ANALYZER_NONNULL = YES;
				CLANG_ANALYZER_NUMBER_OBJECT_CONVERSION = YES_AGGRESSIVE;
				CLANG_CXX_LANGUAGE_STANDARD = "gnu++14";
				CLANG_CXX_LIBRARY = "libc++";
				CLANG_ENABLE_MODULES = YES;
				CLANG_ENABLE_OBJC_ARC = YES;
				CLANG_ENABLE_OBJC_WEAK = YES;
				CLANG_WARN_BLOCK_CAPTURE_AUTORELEASING = YES;
				CLANG_WARN_BOOL_CONVERSION = YES;
				CLANG_WARN_COMMA = YES;
				CLANG_WARN_CONSTANT_CONVERSION = YES;
				CLANG_WARN_DEPRECATED_OBJC_IMPLEMENTATIONS = YES;
				CLANG_WARN_DIRECT_OBJC_ISA_USAGE = YES_ERROR;
				CLANG_WARN_DOCUMENTATION_COMMENTS = YES;
				CLANG_WARN_EMPTY_BODY = YES;
				CLANG_WARN_ENUM_CONVERSION = YES;
				CLANG_WARN_INFINITE_RECURSION = YES;
				CLANG_WARN_INT_CONVERSION = YES;
				CLANG_WARN_NON_LITERAL_NULL_CONVERSION = YES;
				CLANG_WARN_OBJC_IMPLICIT_RETAIN_SELF = YES;
				CLANG_WARN_OBJC_LITERAL_CONVERSION = YES;
				CLANG_WARN_OBJC_ROOT_CLASS = YES_ERROR;
				CLANG_WARN_QUOTED_INCLUDE_IN_FRAMEWORK_HEADER = YES;
				CLANG_WARN_RANGE_LOOP_ANALYSIS = YES;
				CLANG_WARN_STRICT_PROTOTYPES = YES;
				CLANG_WARN_SUSPICIOUS_MOVE = YES;
				CLANG_WARN_UNGUARDED_AVAILABILITY = YES_AGGRESSIVE;
				CLANG_WARN_UNREACHABLE_CODE = YES;
				CLANG_WARN__DUPLICATE_METHOD_MATCH = YES;
				COPY_PHASE_STRIP = NO;
				DEBUG_INFORMATION_FORMAT = "dwarf-with-dsym";
				ENABLE_NS_ASSERTIONS = NO;
				ENABLE_STRICT_OBJC_MSGSEND = YES;
				GCC_C_LANGUAGE_STANDARD = gnu11;
				GCC_NO_COMMON_BLOCKS = YES;
				GCC_WARN_64_TO_32_BIT_CONVERSION = YES;
				GCC_WARN_ABOUT_RETURN_TYPE = YES_ERROR;
				GCC_WARN_UNDECLARED_SELECTOR = YES;
				GCC_WARN_UNINITIALIZED_AUTOS = YES_AGGRESSIVE;
				GCC_WARN_UNUSED_FUNCTION = YES;
				GCC_WARN_UNUSED_VARIABLE = YES;
				IPHONEOS_DEPLOYMENT_TARGET = 14.3;
				MTL_ENABLE_DEBUG_INFO = NO;
				MTL_FAST_MATH = YES;
				SDKROOT = iphoneos;
				SWIFT_COMPILATION_MODE = wholemodule;
				SWIFT_OPTIMIZATION_LEVEL = "-O";
				VALIDATE_PRODUCT = YES;
			};
			name = Release;
		};
		EF88FF9C259A295600ADF27B /* Debug */ = {
			isa = XCBuildConfiguration;
			baseConfigurationReference = 2EB21291FB10A718311C0EBB /* Pods-TwitterApp.debug.xcconfig */;
			buildSettings = {
				ASSETCATALOG_COMPILER_APPICON_NAME = AppIcon;
				ASSETCATALOG_COMPILER_GLOBAL_ACCENT_COLOR_NAME = AccentColor;
				CODE_SIGN_STYLE = Automatic;
				DEVELOPMENT_TEAM = 9HHDDYFD2W;
				INFOPLIST_FILE = TwitterApp/Info.plist;
				LD_RUNPATH_SEARCH_PATHS = (
					"$(inherited)",
					"@executable_path/Frameworks",
				);
				PRODUCT_BUNDLE_IDENTIFIER = jmg.TwitterApp;
				PRODUCT_NAME = "$(TARGET_NAME)";
				SWIFT_VERSION = 5.0;
				TARGETED_DEVICE_FAMILY = "1,2";
			};
			name = Debug;
		};
		EF88FF9D259A295600ADF27B /* Release */ = {
			isa = XCBuildConfiguration;
			baseConfigurationReference = 29AE03F13C97091BA3C995F4 /* Pods-TwitterApp.release.xcconfig */;
			buildSettings = {
				ASSETCATALOG_COMPILER_APPICON_NAME = AppIcon;
				ASSETCATALOG_COMPILER_GLOBAL_ACCENT_COLOR_NAME = AccentColor;
				CODE_SIGN_STYLE = Automatic;
				DEVELOPMENT_TEAM = 9HHDDYFD2W;
				INFOPLIST_FILE = TwitterApp/Info.plist;
				LD_RUNPATH_SEARCH_PATHS = (
					"$(inherited)",
					"@executable_path/Frameworks",
				);
				PRODUCT_BUNDLE_IDENTIFIER = jmg.TwitterApp;
				PRODUCT_NAME = "$(TARGET_NAME)";
				SWIFT_VERSION = 5.0;
				TARGETED_DEVICE_FAMILY = "1,2";
			};
			name = Release;
		};
		EF88FF9F259A295600ADF27B /* Debug */ = {
			isa = XCBuildConfiguration;
			baseConfigurationReference = 1D3FE5A92D72FFDC5BCE749B /* Pods-TwitterAppTests.debug.xcconfig */;
			buildSettings = {
				ALWAYS_EMBED_SWIFT_STANDARD_LIBRARIES = YES;
				BUNDLE_LOADER = "$(TEST_HOST)";
				CODE_SIGN_STYLE = Automatic;
				DEVELOPMENT_TEAM = 9HHDDYFD2W;
				INFOPLIST_FILE = TwitterAppTests/Info.plist;
				IPHONEOS_DEPLOYMENT_TARGET = 14.3;
				LD_RUNPATH_SEARCH_PATHS = (
					"$(inherited)",
					"@executable_path/Frameworks",
					"@loader_path/Frameworks",
				);
				PRODUCT_BUNDLE_IDENTIFIER = jmg.TwitterAppTests;
				PRODUCT_NAME = "$(TARGET_NAME)";
				SWIFT_VERSION = 5.0;
				TARGETED_DEVICE_FAMILY = "1,2";
				TEST_HOST = "$(BUILT_PRODUCTS_DIR)/TwitterApp.app/TwitterApp";
			};
			name = Debug;
		};
		EF88FFA0259A295600ADF27B /* Release */ = {
			isa = XCBuildConfiguration;
			baseConfigurationReference = 2879CAC6F2641A2DFE5C763A /* Pods-TwitterAppTests.release.xcconfig */;
			buildSettings = {
				ALWAYS_EMBED_SWIFT_STANDARD_LIBRARIES = YES;
				BUNDLE_LOADER = "$(TEST_HOST)";
				CODE_SIGN_STYLE = Automatic;
				DEVELOPMENT_TEAM = 9HHDDYFD2W;
				INFOPLIST_FILE = TwitterAppTests/Info.plist;
				IPHONEOS_DEPLOYMENT_TARGET = 14.3;
				LD_RUNPATH_SEARCH_PATHS = (
					"$(inherited)",
					"@executable_path/Frameworks",
					"@loader_path/Frameworks",
				);
				PRODUCT_BUNDLE_IDENTIFIER = jmg.TwitterAppTests;
				PRODUCT_NAME = "$(TARGET_NAME)";
				SWIFT_VERSION = 5.0;
				TARGETED_DEVICE_FAMILY = "1,2";
				TEST_HOST = "$(BUILT_PRODUCTS_DIR)/TwitterApp.app/TwitterApp";
			};
			name = Release;
		};
		EF88FFA2259A295600ADF27B /* Debug */ = {
			isa = XCBuildConfiguration;
			baseConfigurationReference = 51B25397E4C98CBFD0E28F91 /* Pods-TwitterApp-TwitterAppUITests.debug.xcconfig */;
			buildSettings = {
				ALWAYS_EMBED_SWIFT_STANDARD_LIBRARIES = YES;
				CODE_SIGN_STYLE = Automatic;
				DEVELOPMENT_TEAM = 9HHDDYFD2W;
				INFOPLIST_FILE = TwitterAppUITests/Info.plist;
				LD_RUNPATH_SEARCH_PATHS = (
					"$(inherited)",
					"@executable_path/Frameworks",
					"@loader_path/Frameworks",
				);
				PRODUCT_BUNDLE_IDENTIFIER = jmg.TwitterAppUITests;
				PRODUCT_NAME = "$(TARGET_NAME)";
				SWIFT_VERSION = 5.0;
				TARGETED_DEVICE_FAMILY = "1,2";
				TEST_TARGET_NAME = TwitterApp;
			};
			name = Debug;
		};
		EF88FFA3259A295600ADF27B /* Release */ = {
			isa = XCBuildConfiguration;
			baseConfigurationReference = AE00259C1CDB80BBE4EC59BE /* Pods-TwitterApp-TwitterAppUITests.release.xcconfig */;
			buildSettings = {
				ALWAYS_EMBED_SWIFT_STANDARD_LIBRARIES = YES;
				CODE_SIGN_STYLE = Automatic;
				DEVELOPMENT_TEAM = 9HHDDYFD2W;
				INFOPLIST_FILE = TwitterAppUITests/Info.plist;
				LD_RUNPATH_SEARCH_PATHS = (
					"$(inherited)",
					"@executable_path/Frameworks",
					"@loader_path/Frameworks",
				);
				PRODUCT_BUNDLE_IDENTIFIER = jmg.TwitterAppUITests;
				PRODUCT_NAME = "$(TARGET_NAME)";
				SWIFT_VERSION = 5.0;
				TARGETED_DEVICE_FAMILY = "1,2";
				TEST_TARGET_NAME = TwitterApp;
			};
			name = Release;
		};
/* End XCBuildConfiguration section */

/* Begin XCConfigurationList section */
		EF88FF6C259A295300ADF27B /* Build configuration list for PBXProject "TwitterApp" */ = {
			isa = XCConfigurationList;
			buildConfigurations = (
				EF88FF99259A295600ADF27B /* Debug */,
				EF88FF9A259A295600ADF27B /* Release */,
			);
			defaultConfigurationIsVisible = 0;
			defaultConfigurationName = Release;
		};
		EF88FF9B259A295600ADF27B /* Build configuration list for PBXNativeTarget "TwitterApp" */ = {
			isa = XCConfigurationList;
			buildConfigurations = (
				EF88FF9C259A295600ADF27B /* Debug */,
				EF88FF9D259A295600ADF27B /* Release */,
			);
			defaultConfigurationIsVisible = 0;
			defaultConfigurationName = Release;
		};
		EF88FF9E259A295600ADF27B /* Build configuration list for PBXNativeTarget "TwitterAppTests" */ = {
			isa = XCConfigurationList;
			buildConfigurations = (
				EF88FF9F259A295600ADF27B /* Debug */,
				EF88FFA0259A295600ADF27B /* Release */,
			);
			defaultConfigurationIsVisible = 0;
			defaultConfigurationName = Release;
		};
		EF88FFA1259A295600ADF27B /* Build configuration list for PBXNativeTarget "TwitterAppUITests" */ = {
			isa = XCConfigurationList;
			buildConfigurations = (
				EF88FFA2259A295600ADF27B /* Debug */,
				EF88FFA3259A295600ADF27B /* Release */,
			);
			defaultConfigurationIsVisible = 0;
			defaultConfigurationName = Release;
		};
/* End XCConfigurationList section */
	};
	rootObject = EF88FF69259A295300ADF27B /* Project object */;
}
